internal class Task
{
    private string title;
    private string description;
    private int priority;
    private string tag;
    private bool completed;
   

   public Task (string title, string description, int priority,string tag,bool completed)
    {
        this.title = title;
        this.description = description;
        this.priority = priority;
        this.tag = tag;
        this.completed = completed;
    }

    public string Title { get => title ;  }
    public string Description { get => description ; }
    public int Priority { get => priority ; }
    public string Tag { get => tag ; } 
    public bool Completed { get => completed ; }

    public string[] remplir_taks()
    {
    string[] remplir = new string[4];

    string title;
    string description;
    int priority;
    string tag;
    bool completed;
    Console.WriteLine("enter votre titre");
    title=Console.ReadLine();
    description=Console.ReadLine();
    priority=Convert.ToInt32(Console.ReadLine());
    tag=Console.ReadLine();
    completed=false;

        remplir[0] = title;
        remplir[1] = description;
        remplir[2] = Convert.ToString(priority);
        remplir[3] = Convert.ToString(priority);
        remplir[4] = Convert.ToString(completed);

        return remplir;
    }
        

}
