
Microsoft Visual Studio Solution File, Format Version 12.00
# Visual Studio Version 16
VisualStudioVersion = 25.0.1706.7
MinimumVisualStudioVersion = 10.0.40219.1
Project("{FAE04EC0-301F-11D3-BF4B-00C04F79EFBC}") = "Yaruko", "Yaruko\Yaruko.csproj", "{F8111F51-47B8-4682-897B-FC120428DED0}"
EndProject
Global
	GlobalSection(SolutionConfigurationPlatforms) = preSolution
		Debug|Any CPU = Debug|Any CPU
		Release|Any CPU = Release|Any CPU
	EndGlobalSection
	GlobalSection(ProjectConfigurationPlatforms) = postSolution
		{F8111F51-47B8-4682-897B-FC120428DED0}.Debug|Any CPU.ActiveCfg = Debug|Any CPU
		{F8111F51-47B8-4682-897B-FC120428DED0}.Debug|Any CPU.Build.0 = Debug|Any CPU
		{F8111F51-47B8-4682-897B-FC120428DED0}.Release|Any CPU.ActiveCfg = Release|Any CPU
		{F8111F51-47B8-4682-897B-FC120428DED0}.Release|Any CPU.Build.0 = Release|Any CPU
	EndGlobalSection
	GlobalSection(SolutionProperties) = preSolution
		HideSolutionNode = FALSE
	EndGlobalSection
	GlobalSection(ExtensibilityGlobals) = postSolution
		SolutionGuid = {EC021B47-3D96-4728-AA0C-A039FBC2514D}
	EndGlobalSection
EndGlobal
